{
    "_readme": [
        "This file locks the dependencies of your project to a known state",
        "Read more about it at http://getcomposer.org/doc/01-basic-usage.md#composer-lock-the-lock-file"
    ],
    "hash": "33d6445f2098c5ce27da36f9dc52dc58",
    "packages": [
        {
            "name": "blen-lenny/basic-app",
            "version": "dev-master",
            "source": {
                "type": "git",
                "url": "C:\\xampp\\htdocs\\roboto\\packages\\basic-app",
                "reference": "3780876f2d33fc7008489601cb285b8952b4a59e"
            },
            "require": {
                "php": ">=5.3.0"
            },
            "type": "library",
            "autoload": {
                "psr-0": {
                    "BasicAPP": "src/"
                }
            },
            "license": [
                "GPL"
            ],
            "authors": [
                {
                    "name": "Johan Roure",
                    "email": "j.roure@outlook.cl"
                }
            ],
            "description": "app basica",
            "time": "2014-05-18 17:58:32"
        },
        {
            "name": "blen-lenny/ip-filter",
            "version": "dev-master",
            "source": {
                "type": "git",
                "url": "C:\\xampp\\htdocs\\roboto\\packages\\ip-filter",
                "reference": "08fb41409c6d043c20941cd9432ab54520ebaf3d"
            },
            "require": {
                "php": ">=5.3.0"
            },
            "type": "library",
            "autoload": {
                "psr-0": {
                    "IPFilter": "src/"
                }
            },
            "license": [
                "GPL"
            ],
            "authors": [
                {
                    "name": "Johan Roure",
                    "email": "j.roure@outlook.cl"
                }
            ],
            "description": "Filtro de request por IP",
            "time": "2014-05-18 16:16:33"
        },
        {
            "name": "blen-lenny/system-api",
            "version": "dev-master",
            "source": {
                "type": "git",
                "url": "C:\\xampp\\htdocs\\roboto\\packages\\system_api",
                "reference": "1b20809024a6dcf6c5d159dca34b028fb8eec106"
            },
            "require": {
                "php": ">=5.3.0"
            },
            "type": "library",
            "autoload": {
                "psr-0": {
                    "SysAPI": "src/"
                }
            },
            "license": [
                "GPL"
            ],
            "authors": [
                {
                    "name": "Johan Roure",
                    "email": "j.roure@outlook.cl"
                }
            ],
            "description": "Router Basico",
            "time": "2014-05-18 15:47:40"
        },
        {
            "name": "katzgrau/klogger",
            "version": "1.0.0",
            "source": {
                "type": "git",
                "url": "https://github.com/katzgrau/klogger.git",
                "reference": "46cdd92a9b4a8443120cc955bf831450cb274813"
            },
            "dist": {
                "type": "zip",
                "url": "https://api.github.com/repos/katzgrau/klogger/zipball/46cdd92a9b4a8443120cc955bf831450cb274813",
                "reference": "46cdd92a9b4a8443120cc955bf831450cb274813",
                "shasum": ""
            },
            "require": {
                "php": ">=5.3",
                "psr/log": "1.0.0"
            },
            "require-dev": {
                "phpunit/phpunit": "4.0.*"
            },
            "type": "library",
            "autoload": {
                "psr-4": {
                    "Katzgrau\\KLogger\\": "src/"
                },
                "classmap": [
                    "src/"
                ]
            },
            "notification-url": "https://packagist.org/downloads/",
            "license": [
                "MIT"
            ],
            "authors": [
                {
                    "name": "Dan Horrigan",
                    "email": "dan@dhorrigan.com",
                    "homepage": "http://dhorrigan.com",
                    "role": "Lead Developer"
                },
                {
                    "name": "Kenny Katzgrau",
                    "email": "katzgrau@gmail.com"
                }
            ],
            "description": "A Simple Logging Class",
            "keywords": [
                "logging"
            ],
            "time": "2014-03-20 02:36:36"
        },
        {
            "name": "psr/log",
            "version": "1.0.0",
            "source": {
                "type": "git",
                "url": "https://github.com/php-fig/log.git",
                "reference": "fe0936ee26643249e916849d48e3a51d5f5e278b"
            },
            "dist": {
                "type": "zip",
                "url": "https://api.github.com/repos/php-fig/log/zipball/fe0936ee26643249e916849d48e3a51d5f5e278b",
                "reference": "fe0936ee26643249e916849d48e3a51d5f5e278b",
                "shasum": ""
            },
            "type": "library",
            "autoload": {
                "psr-0": {
                    "Psr\\Log\\": ""
                }
            },
            "notification-url": "https://packagist.org/downloads/",
            "license": [
                "MIT"
            ],
            "authors": [
                {
                    "name": "PHP-FIG",
                    "homepage": "http://www.php-fig.org/"
                }
            ],
            "description": "Common interface for logging libraries",
            "keywords": [
                "log",
                "psr",
                "psr-3"
            ],
            "time": "2012-12-21 11:40:51"
        },
        {
            "name": "symfony/class-loader",
            "version": "2.1.x-dev",
            "target-dir": "Symfony/Component/ClassLoader",
            "source": {
                "type": "git",
                "url": "https://github.com/symfony/ClassLoader.git",
                "reference": "0e9d7c12151d4c9942865a049d38e97c6c7288cb"
            },
            "dist": {
                "type": "zip",
                "url": "https://api.github.com/repos/symfony/ClassLoader/zipball/0e9d7c12151d4c9942865a049d38e97c6c7288cb",
                "reference": "0e9d7c12151d4c9942865a049d38e97c6c7288cb",
                "shasum": ""
            },
            "require": {
                "php": ">=5.3.3"
            },
            "require-dev": {
                "symfony/finder": "2.1.*"
            },
            "type": "library",
            "autoload": {
                "psr-0": {
                    "Symfony\\Component\\ClassLoader": ""
                }
            },
            "notification-url": "https://packagist.org/downloads/",
            "license": [
                "MIT"
            ],
            "authors": [
                {
                    "name": "Fabien Potencier",
                    "email": "fabien@symfony.com",
                    "homepage": "http://fabien.potencier.org",
                    "role": "Lead Developer"
                },
                {
                    "name": "Symfony Community",
                    "homepage": "http://symfony.com/contributors"
                }
            ],
            "description": "Symfony ClassLoader Component",
            "homepage": "http://symfony.com",
            "time": "2013-05-06 10:48:41"
        },
        {
            "name": "symfony/http-foundation",
            "version": "2.1.x-dev",
            "target-dir": "Symfony/Component/HttpFoundation",
            "source": {
                "type": "git",
                "url": "https://github.com/symfony/HttpFoundation.git",
                "reference": "79fd1ab0b85e782d342e83799b39b729fd1a30ee"
            },
            "dist": {
                "type": "zip",
                "url": "https://api.github.com/repos/symfony/HttpFoundation/zipball/79fd1ab0b85e782d342e83799b39b729fd1a30ee",
                "reference": "79fd1ab0b85e782d342e83799b39b729fd1a30ee",
                "shasum": ""
            },
            "require": {
                "php": ">=5.3.3"
            },
            "type": "library",
            "autoload": {
                "psr-0": {
                    "Symfony\\Component\\HttpFoundation": "",
                    "SessionHandlerInterface": "Symfony/Component/HttpFoundation/Resources/stubs"
                }
            },
            "notification-url": "https://packagist.org/downloads/",
            "license": [
                "MIT"
            ],
            "authors": [
                {
                    "name": "Fabien Potencier",
                    "email": "fabien@symfony.com",
                    "homepage": "http://fabien.potencier.org",
                    "role": "Lead Developer"
                },
                {
                    "name": "Symfony Community",
                    "homepage": "http://symfony.com/contributors"
                }
            ],
            "description": "Symfony HttpFoundation Component",
            "homepage": "http://symfony.com",
            "time": "2013-08-07 13:58:42"
        }
    ],
    "packages-dev": [

    ],
    "aliases": [

    ],
    "minimum-stability": "dev",
    "stability-flags": [

    ],
    "platform": [

    ],
    "platform-dev": [

    ]
}
